{
  "name": "@workspace/scripts",
  "version": "0.0.0",
  "lockfileVersion": 3,
  "requires": true,
  "packages": {
    "": {
      "name": "@workspace/scripts",
      "version": "0.0.0",
      "devDependencies": {
        "@supabase/supabase-js": "^2.49.1",
        "@types/node": "^25.3.3",
        "dotenv": "^16.4.5",
        "tsx": "^4.21.0"
      }
    },
    "../node_modules/.pnpm/@supabase+supabase-js@2.99.3/node_modules/@supabase/supabase-js": {
      "version": "2.99.3",
      "dev": true,
      "license": "MIT",
      "dependencies": {
        "@supabase/auth-js": "2.99.3",
        "@supabase/functions-js": "2.99.3",
        "@supabase/postgrest-js": "2.99.3",
        "@supabase/realtime-js": "2.99.3",
        "@supabase/storage-js": "2.99.3"
      },
      "devDependencies": {
        "jsr": "^0.13.5",
        "puppeteer": "^24.9.0"
      },
      "engines": {
        "node": ">=20.0.0"
      }
    },
    "../node_modules/.pnpm/@types+node@25.5.0/node_modules/@types/node": {
      "version": "25.5.0",
      "dev": true,
      "license": "MIT",
      "dependencies": {
        "undici-types": "~7.18.0"
      }
    },
    "../node_modules/.pnpm/tsx@4.21.0/node_modules/tsx": {
      "version": "4.21.0",
      "dev": true,
      "license": "MIT",
      "dependencies": {
        "esbuild": "~0.27.0",
        "get-tsconfig": "^4.7.5"
      },
      "bin": {
        "tsx": "dist/cli.mjs"
      },
      "engines": {
        "node": ">=18.0.0"
      },
      "optionalDependencies": {
        "fsevents": "~2.3.3"
      }
    },
    "node_modules/@supabase/supabase-js": {
      "resolved": "../node_modules/.pnpm/@supabase+supabase-js@2.99.3/node_modules/@supabase/supabase-js",
      "link": true
    },
    "node_modules/@types/node": {
      "resolved": "../node_modules/.pnpm/@types+node@25.5.0/node_modules/@types/node",
      "link": true
    },
    "node_modules/dotenv": {
      "version": "16.6.1",
      "resolved": "https://registry.npmjs.org/dotenv/-/dotenv-16.6.1.tgz",
      "integrity": "sha512-uBq4egWHTcTt33a72vpSG0z3HnPuIl6NqYcTrKEg2azoEyl2hpW0zqlxysq2pK9HlDIHyHyakeYaYnSAwd8bow==",
      "dev": true,
      "license": "BSD-2-Clause",
      "engines": {
        "node": ">=12"
      },
      "funding": {
        "url": "https://dotenvx.com"
      }
    },
    "node_modules/tsx": {
      "resolved": "../node_modules/.pnpm/tsx@4.21.0/node_modules/tsx",
      "link": true
    }
  }
}
